
Microsoft Visual Studio Solution File, Format Version 12.00
# Visual Studio Version 17
VisualStudioVersion = 17.8.34525.116
MinimumVisualStudioVersion = 10.0.40219.1
Project("{FAE04EC0-301F-11D3-BF4B-00C04F79EFBC}") = "YieldDemo", "YieldDemo\YieldDemo.csproj", "{400DA69C-A9F5-43E9-AC35-747E127800DD}"
EndProject
Global
	GlobalSection(SolutionConfigurationPlatforms) = preSolution
		Debug|Any CPU = Debug|Any CPU
		Release|Any CPU = Release|Any CPU
	EndGlobalSection
	GlobalSection(ProjectConfigurationPlatforms) = postSolution
		{400DA69C-A9F5-43E9-AC35-747E127800DD}.Debug|Any CPU.ActiveCfg = Debug|Any CPU
		{400DA69C-A9F5-43E9-AC35-747E127800DD}.Debug|Any CPU.Build.0 = Debug|Any CPU
		{400DA69C-A9F5-43E9-AC35-747E127800DD}.Release|Any CPU.ActiveCfg = Release|Any CPU
		{400DA69C-A9F5-43E9-AC35-747E127800DD}.Release|Any CPU.Build.0 = Release|Any CPU
	EndGlobalSection
	GlobalSection(SolutionProperties) = preSolution
		HideSolutionNode = FALSE
	EndGlobalSection
	GlobalSection(ExtensibilityGlobals) = postSolution
		SolutionGuid = {63D2BB07-FD42-4445-8221-CF9784552EEF}
	EndGlobalSection
EndGlobal
